// !$*UTF8*$!
{
	archiveVersion = 1;
	classes = {
	};
	objectVersion = 55;
	objects = {

/* Begin PBXBuildFile section */
		0B4DF8BF27E7FB0C00A90F7C /* AuthorModel.swift in Sources */ = {isa = PBXBuildFile; fileRef = 0B4DF8BE27E7FB0C00A90F7C /* AuthorModel.swift */; };
		0B4DF8C327E800C600A90F7C /* MarleyDetail.swift in Sources */ = {isa = PBXBuildFile; fileRef = 0B4DF8C227E800C600A90F7C /* MarleyDetail.swift */; };
		0B4DF8C727E8043800A90F7C /* NewScroll.swift in Sources */ = {isa = PBXBuildFile; fileRef = 0B4DF8C627E8043800A90F7C /* NewScroll.swift */; };
		0B4DF8CB27E9523100A90F7C /* MuskDetail.swift in Sources */ = {isa = PBXBuildFile; fileRef = 0B4DF8CA27E9523100A90F7C /* MuskDetail.swift */; };
		0B4DF8CE27EAA14D00A90F7C /* DylanDetail.swift in Sources */ = {isa = PBXBuildFile; fileRef = 0B4DF8CD27EAA14D00A90F7C /* DylanDetail.swift */; };
		0B4DF8D027EAA97F00A90F7C /* LennonDetail.swift in Sources */ = {isa = PBXBuildFile; fileRef = 0B4DF8CF27EAA97F00A90F7C /* LennonDetail.swift */; };
		0B4DF8D227EAAEA100A90F7C /* KingDetail.swift in Sources */ = {isa = PBXBuildFile; fileRef = 0B4DF8D127EAAEA100A90F7C /* KingDetail.swift */; };
		0B4DF8D427EAB08300A90F7C /* WilliamsDetail.swift in Sources */ = {isa = PBXBuildFile; fileRef = 0B4DF8D327EAB08300A90F7C /* WilliamsDetail.swift */; };
		0B96A55027E42281004BBB46 /* QuotesApp.swift in Sources */ = {isa = PBXBuildFile; fileRef = 0B96A54F27E42281004BBB46 /* QuotesApp.swift */; };
		0B96A55427E42282004BBB46 /* Assets.xcassets in Resources */ = {isa = PBXBuildFile; fileRef = 0B96A55327E42282004BBB46 /* Assets.xcassets */; };
		0B96A55727E42282004BBB46 /* Preview Assets.xcassets in Resources */ = {isa = PBXBuildFile; fileRef = 0B96A55627E42282004BBB46 /* Preview Assets.xcassets */; };
		0B96A55E27E42312004BBB46 /* Depression.swift in Sources */ = {isa = PBXBuildFile; fileRef = 0B96A55D27E42312004BBB46 /* Depression.swift */; };
		0B96A56227E42368004BBB46 /* QuotesData.swift in Sources */ = {isa = PBXBuildFile; fileRef = 0B96A56127E42368004BBB46 /* QuotesData.swift */; };
		0B96A56427E42AFA004BBB46 /* AuthorQuote.swift in Sources */ = {isa = PBXBuildFile; fileRef = 0B96A56327E42AFA004BBB46 /* AuthorQuote.swift */; };
		0B96A56727E571C0004BBB46 /* MainView.swift in Sources */ = {isa = PBXBuildFile; fileRef = 0B96A56627E571C0004BBB46 /* MainView.swift */; };
		0B96A56927E57353004BBB46 /* MainScrollView.swift in Sources */ = {isa = PBXBuildFile; fileRef = 0B96A56827E57353004BBB46 /* MainScrollView.swift */; };
		0B96A56B27E575F9004BBB46 /* GandhiDetail.swift in Sources */ = {isa = PBXBuildFile; fileRef = 0B96A56A27E575F9004BBB46 /* GandhiDetail.swift */; };
		0BEB390D27E7D9850088A286 /* JobsDetail.swift in Sources */ = {isa = PBXBuildFile; fileRef = 0BEB390C27E7D9850088A286 /* JobsDetail.swift */; };
/* End PBXBuildFile section */

/* Begin PBXFileReference section */
		0B4DF8BE27E7FB0C00A90F7C /* AuthorModel.swift */ = {isa = PBXFileReference; lastKnownFileType = sourcecode.swift; path = AuthorModel.swift; sourceTree = "<group>"; };
		0B4DF8C227E800C600A90F7C /* MarleyDetail.swift */ = {isa = PBXFileReference; lastKnownFileType = sourcecode.swift; path = MarleyDetail.swift; sourceTree = "<group>"; };
		0B4DF8C627E8043800A90F7C /* NewScroll.swift */ = {isa = PBXFileReference; lastKnownFileType = sourcecode.swift; path = NewScroll.swift; sourceTree = "<group>"; };
		0B4DF8CA27E9523100A90F7C /* MuskDetail.swift */ = {isa = PBXFileReference; lastKnownFileType = sourcecode.swift; path = MuskDetail.swift; sourceTree = "<group>"; };
		0B4DF8CD27EAA14D00A90F7C /* DylanDetail.swift */ = {isa = PBXFileReference; lastKnownFileType = sourcecode.swift; path = DylanDetail.swift; sourceTree = "<group>"; };
		0B4DF8CF27EAA97F00A90F7C /* LennonDetail.swift */ = {isa = PBXFileReference; lastKnownFileType = sourcecode.swift; path = LennonDetail.swift; sourceTree = "<group>"; };
		0B4DF8D127EAAEA100A90F7C /* KingDetail.swift */ = {isa = PBXFileReference; lastKnownFileType = sourcecode.swift; path = KingDetail.swift; sourceTree = "<group>"; };
		0B4DF8D327EAB08300A90F7C /* WilliamsDetail.swift */ = {isa = PBXFileReference; lastKnownFileType = sourcecode.swift; path = WilliamsDetail.swift; sourceTree = "<group>"; };
		0B96A54C27E42281004BBB46 /* Quotes.app */ = {isa = PBXFileReference; explicitFileType = wrapper.application; includeInIndex = 0; path = Quotes.app; sourceTree = BUILT_PRODUCTS_DIR; };
		0B96A54F27E42281004BBB46 /* QuotesApp.swift */ = {isa = PBXFileReference; lastKnownFileType = sourcecode.swift; path = QuotesApp.swift; sourceTree = "<group>"; };
		0B96A55327E42282004BBB46 /* Assets.xcassets */ = {isa = PBXFileReference; lastKnownFileType = folder.assetcatalog; path = Assets.xcassets; sourceTree = "<group>"; };
		0B96A55627E42282004BBB46 /* Preview Assets.xcassets */ = {isa = PBXFileReference; lastKnownFileType = folder.assetcatalog; path = "Preview Assets.xcassets"; sourceTree = "<group>"; };
		0B96A55D27E42312004BBB46 /* Depression.swift */ = {isa = PBXFileReference; lastKnownFileType = sourcecode.swift; path = Depression.swift; sourceTree = "<group>"; };
		0B96A56127E42368004BBB46 /* QuotesData.swift */ = {isa = PBXFileReference; lastKnownFileType = sourcecode.swift; path = QuotesData.swift; sourceTree = "<group>"; };
		0B96A56327E42AFA004BBB46 /* AuthorQuote.swift */ = {isa = PBXFileReference; lastKnownFileType = sourcecode.swift; path = AuthorQuote.swift; sourceTree = "<group>"; };
		0B96A56627E571C0004BBB46 /* MainView.swift */ = {isa = PBXFileReference; lastKnownFileType = sourcecode.swift; path = MainView.swift; sourceTree = "<group>"; };
		0B96A56827E57353004BBB46 /* MainScrollView.swift */ = {isa = PBXFileReference; lastKnownFileType = sourcecode.swift; path = MainScrollView.swift; sourceTree = "<group>"; };
		0B96A56A27E575F9004BBB46 /* GandhiDetail.swift */ = {isa = PBXFileReference; lastKnownFileType = sourcecode.swift; path = GandhiDetail.swift; sourceTree = "<group>"; };
		0BEB390C27E7D9850088A286 /* JobsDetail.swift */ = {isa = PBXFileReference; lastKnownFileType = sourcecode.swift; path = JobsDetail.swift; sourceTree = "<group>"; };
/* End PBXFileReference section */

/* Begin PBXFrameworksBuildPhase section */
		0B96A54927E42281004BBB46 /* Frameworks */ = {
			isa = PBXFrameworksBuildPhase;
			buildActionMask = 2147483647;
			files = (
			);
			runOnlyForDeploymentPostprocessing = 0;
		};
/* End PBXFrameworksBuildPhase section */

/* Begin PBXGroup section */
		0B4DF8CC27E9524400A90F7C /* SubViews */ = {
			isa = PBXGroup;
			children = (
				0B96A56A27E575F9004BBB46 /* GandhiDetail.swift */,
				0BEB390C27E7D9850088A286 /* JobsDetail.swift */,
				0B4DF8C227E800C600A90F7C /* MarleyDetail.swift */,
				0B4DF8CA27E9523100A90F7C /* MuskDetail.swift */,
				0B4DF8CD27EAA14D00A90F7C /* DylanDetail.swift */,
				0B4DF8CF27EAA97F00A90F7C /* LennonDetail.swift */,
				0B4DF8D127EAAEA100A90F7C /* KingDetail.swift */,
				0B4DF8D327EAB08300A90F7C /* WilliamsDetail.swift */,
			);
			path = SubViews;
			sourceTree = "<group>";
		};
		0B96A54327E42281004BBB46 = {
			isa = PBXGroup;
			children = (
				0B96A54E27E42281004BBB46 /* Quotes */,
				0B96A54D27E42281004BBB46 /* Products */,
			);
			sourceTree = "<group>";
		};
		0B96A54D27E42281004BBB46 /* Products */ = {
			isa = PBXGroup;
			children = (
				0B96A54C27E42281004BBB46 /* Quotes.app */,
			);
			name = Products;
			sourceTree = "<group>";
		};
		0B96A54E27E42281004BBB46 /* Quotes */ = {
			isa = PBXGroup;
			children = (
				0B4DF8CC27E9524400A90F7C /* SubViews */,
				0B96A56527E571AF004BBB46 /* Views */,
				0B96A56027E42354004BBB46 /* Data */,
				0B96A55F27E4234B004BBB46 /* Model */,
				0B96A54F27E42281004BBB46 /* QuotesApp.swift */,
				0B96A55327E42282004BBB46 /* Assets.xcassets */,
				0B96A55527E42282004BBB46 /* Preview Content */,
			);
			path = Quotes;
			sourceTree = "<group>";
		};
		0B96A55527E42282004BBB46 /* Preview Content */ = {
			isa = PBXGroup;
			children = (
				0B96A55627E42282004BBB46 /* Preview Assets.xcassets */,
			);
			path = "Preview Content";
			sourceTree = "<group>";
		};
		0B96A55F27E4234B004BBB46 /* Model */ = {
			isa = PBXGroup;
			children = (
				0B96A55D27E42312004BBB46 /* Depression.swift */,
				0B96A56327E42AFA004BBB46 /* AuthorQuote.swift */,
				0B4DF8BE27E7FB0C00A90F7C /* AuthorModel.swift */,
			);
			path = Model;
			sourceTree = "<group>";
		};
		0B96A56027E42354004BBB46 /* Data */ = {
			isa = PBXGroup;
			children = (
				0B96A56127E42368004BBB46 /* QuotesData.swift */,
			);
			path = Data;
			sourceTree = "<group>";
		};
		0B96A56527E571AF004BBB46 /* Views */ = {
			isa = PBXGroup;
			children = (
				0B4DF8C627E8043800A90F7C /* NewScroll.swift */,
				0B96A56627E571C0004BBB46 /* MainView.swift */,
				0B96A56827E57353004BBB46 /* MainScrollView.swift */,
			);
			path = Views;
			sourceTree = "<group>";
		};
/* End PBXGroup section */

/* Begin PBXNativeTarget section */
		0B96A54B27E42281004BBB46 /* Quotes */ = {
			isa = PBXNativeTarget;
			buildConfigurationList = 0B96A55A27E42282004BBB46 /* Build configuration list for PBXNativeTarget "Quotes" */;
			buildPhases = (
				0B96A54827E42281004BBB46 /* Sources */,
				0B96A54927E42281004BBB46 /* Frameworks */,
				0B96A54A27E42281004BBB46 /* Resources */,
			);
			buildRules = (
			);
			dependencies = (
			);
			name = Quotes;
			productName = Quotes;
			productReference = 0B96A54C27E42281004BBB46 /* Quotes.app */;
			productType = "com.apple.product-type.application";
		};
/* End PBXNativeTarget section */

/* Begin PBXProject section */
		0B96A54427E42281004BBB46 /* Project object */ = {
			isa = PBXProject;
			attributes = {
				BuildIndependentTargetsInParallel = 1;
				LastSwiftUpdateCheck = 1330;
				LastUpgradeCheck = 1330;
				TargetAttributes = {
					0B96A54B27E42281004BBB46 = {
						CreatedOnToolsVersion = 13.3;
					};
				};
			};
			buildConfigurationList = 0B96A54727E42281004BBB46 /* Build configuration list for PBXProject "Quotes" */;
			compatibilityVersion = "Xcode 13.0";
			developmentRegion = en;
			hasScannedForEncodings = 0;
			knownRegions = (
				en,
				Base,
			);
			mainGroup = 0B96A54327E42281004BBB46;
			productRefGroup = 0B96A54D27E42281004BBB46 /* Products */;
			projectDirPath = "";
			projectRoot = "";
			targets = (
				0B96A54B27E42281004BBB46 /* Quotes */,
			);
		};
/* End PBXProject section */

/* Begin PBXResourcesBuildPhase section */
		0B96A54A27E42281004BBB46 /* Resources */ = {
			isa = PBXResourcesBuildPhase;
			buildActionMask = 2147483647;
			files = (
				0B96A55727E42282004BBB46 /* Preview Assets.xcassets in Resources */,
				0B96A55427E42282004BBB46 /* Assets.xcassets in Resources */,
			);
			runOnlyForDeploymentPostprocessing = 0;
		};
/* End PBXResourcesBuildPhase section */

/* Begin PBXSourcesBuildPhase section */
		0B96A54827E42281004BBB46 /* Sources */ = {
			isa = PBXSourcesBuildPhase;
			buildActionMask = 2147483647;
			files = (
				0B4DF8C327E800C600A90F7C /* MarleyDetail.swift in Sources */,
				0B96A56927E57353004BBB46 /* MainScrollView.swift in Sources */,
				0BEB390D27E7D9850088A286 /* JobsDetail.swift in Sources */,
				0B4DF8BF27E7FB0C00A90F7C /* AuthorModel.swift in Sources */,
				0B4DF8D427EAB08300A90F7C /* WilliamsDetail.swift in Sources */,
				0B96A56727E571C0004BBB46 /* MainView.swift in Sources */,
				0B96A56B27E575F9004BBB46 /* GandhiDetail.swift in Sources */,
				0B4DF8CE27EAA14D00A90F7C /* DylanDetail.swift in Sources */,
				0B96A56427E42AFA004BBB46 /* AuthorQuote.swift in Sources */,
				0B4DF8C727E8043800A90F7C /* NewScroll.swift in Sources */,
				0B96A55027E42281004BBB46 /* QuotesApp.swift in Sources */,
				0B4DF8D227EAAEA100A90F7C /* KingDetail.swift in Sources */,
				0B96A56227E42368004BBB46 /* QuotesData.swift in Sources */,
				0B4DF8CB27E9523100A90F7C /* MuskDetail.swift in Sources */,
				0B4DF8D027EAA97F00A90F7C /* LennonDetail.swift in Sources */,
				0B96A55E27E42312004BBB46 /* Depression.swift in Sources */,
			);
			runOnlyForDeploymentPostprocessing = 0;
		};
/* End PBXSourcesBuildPhase section */

/* Begin XCBuildConfiguration section */
		0B96A55827E42282004BBB46 /* Debug */ = {
			isa = XCBuildConfiguration;
			buildSettings = {
				ALWAYS_SEARCH_USER_PATHS = NO;
				CLANG_ANALYZER_NONNULL = YES;
				CLANG_ANALYZER_NUMBER_OBJECT_CONVERSION = YES_AGGRESSIVE;
				CLANG_CXX_LANGUAGE_STANDARD = "gnu++17";
				CLANG_ENABLE_MODULES = YES;
				CLANG_ENABLE_OBJC_ARC = YES;
				CLANG_ENABLE_OBJC_WEAK = YES;
				CLANG_WARN_BLOCK_CAPTURE_AUTORELEASING = YES;
				CLANG_WARN_BOOL_CONVERSION = YES;
				CLANG_WARN_COMMA = YES;
				CLANG_WARN_CONSTANT_CONVERSION = YES;
				CLANG_WARN_DEPRECATED_OBJC_IMPLEMENTATIONS = YES;
				CLANG_WARN_DIRECT_OBJC_ISA_USAGE = YES_ERROR;
				CLANG_WARN_DOCUMENTATION_COMMENTS = YES;
				CLANG_WARN_EMPTY_BODY = YES;
				CLANG_WARN_ENUM_CONVERSION = YES;
				CLANG_WARN_INFINITE_RECURSION = YES;
				CLANG_WARN_INT_CONVERSION = YES;
				CLANG_WARN_NON_LITERAL_NULL_CONVERSION = YES;
				CLANG_WARN_OBJC_IMPLICIT_RETAIN_SELF = YES;
				CLANG_WARN_OBJC_LITERAL_CONVERSION = YES;
				CLANG_WARN_OBJC_ROOT_CLASS = YES_ERROR;
				CLANG_WARN_QUOTED_INCLUDE_IN_FRAMEWORK_HEADER = YES;
				CLANG_WARN_RANGE_LOOP_ANALYSIS = YES;
				CLANG_WARN_STRICT_PROTOTYPES = YES;
				CLANG_WARN_SUSPICIOUS_MOVE = YES;
				CLANG_WARN_UNGUARDED_AVAILABILITY = YES_AGGRESSIVE;
				CLANG_WARN_UNREACHABLE_CODE = YES;
				CLANG_WARN__DUPLICATE_METHOD_MATCH = YES;
				COPY_PHASE_STRIP = NO;
				DEBUG_INFORMATION_FORMAT = dwarf;
				ENABLE_STRICT_OBJC_MSGSEND = YES;
				ENABLE_TESTABILITY = YES;
				GCC_C_LANGUAGE_STANDARD = gnu11;
				GCC_DYNAMIC_NO_PIC = NO;
				GCC_NO_COMMON_BLOCKS = YES;
				GCC_OPTIMIZATION_LEVEL = 0;
				GCC_PREPROCESSOR_DEFINITIONS = (
					"DEBUG=1",
					"$(inherited)",
				);
				GCC_WARN_64_TO_32_BIT_CONVERSION = YES;
				GCC_WARN_ABOUT_RETURN_TYPE = YES_ERROR;
				GCC_WARN_UNDECLARED_SELECTOR = YES;
				GCC_WARN_UNINITIALIZED_AUTOS = YES_AGGRESSIVE;
				GCC_WARN_UNUSED_FUNCTION = YES;
				GCC_WARN_UNUSED_VARIABLE = YES;
				IPHONEOS_DEPLOYMENT_TARGET = 15.4;
				MTL_ENABLE_DEBUG_INFO = INCLUDE_SOURCE;
				MTL_FAST_MATH = YES;
				ONLY_ACTIVE_ARCH = YES;
				SDKROOT = iphoneos;
				SWIFT_ACTIVE_COMPILATION_CONDITIONS = DEBUG;
				SWIFT_OPTIMIZATION_LEVEL = "-Onone";
			};
			name = Debug;
		};
		0B96A55927E42282004BBB46 /* Release */ = {
			isa = XCBuildConfiguration;
			buildSettings = {
				ALWAYS_SEARCH_USER_PATHS = NO;
				CLANG_ANALYZER_NONNULL = YES;
				CLANG_ANALYZER_NUMBER_OBJECT_CONVERSION = YES_AGGRESSIVE;
				CLANG_CXX_LANGUAGE_STANDARD = "gnu++17";
				CLANG_ENABLE_MODULES = YES;
				CLANG_ENABLE_OBJC_ARC = YES;
				CLANG_ENABLE_OBJC_WEAK = YES;
				CLANG_WARN_BLOCK_CAPTURE_AUTORELEASING = YES;
				CLANG_WARN_BOOL_CONVERSION = YES;
				CLANG_WARN_COMMA = YES;
				CLANG_WARN_CONSTANT_CONVERSION = YES;
				CLANG_WARN_DEPRECATED_OBJC_IMPLEMENTATIONS = YES;
				CLANG_WARN_DIRECT_OBJC_ISA_USAGE = YES_ERROR;
				CLANG_WARN_DOCUMENTATION_COMMENTS = YES;
				CLANG_WARN_EMPTY_BODY = YES;
				CLANG_WARN_ENUM_CONVERSION = YES;
				CLANG_WARN_INFINITE_RECURSION = YES;
				CLANG_WARN_INT_CONVERSION = YES;
				CLANG_WARN_NON_LITERAL_NULL_CONVERSION = YES;
				CLANG_WARN_OBJC_IMPLICIT_RETAIN_SELF = YES;
				CLANG_WARN_OBJC_LITERAL_CONVERSION = YES;
				CLANG_WARN_OBJC_ROOT_CLASS = YES_ERROR;
				CLANG_WARN_QUOTED_INCLUDE_IN_FRAMEWORK_HEADER = YES;
				CLANG_WARN_RANGE_LOOP_ANALYSIS = YES;
				CLANG_WARN_STRICT_PROTOTYPES = YES;
				CLANG_WARN_SUSPICIOUS_MOVE = YES;
				CLANG_WARN_UNGUARDED_AVAILABILITY = YES_AGGRESSIVE;
				CLANG_WARN_UNREACHABLE_CODE = YES;
				CLANG_WARN__DUPLICATE_METHOD_MATCH = YES;
				COPY_PHASE_STRIP = NO;
				DEBUG_INFORMATION_FORMAT = "dwarf-with-dsym";
				ENABLE_NS_ASSERTIONS = NO;
				ENABLE_STRICT_OBJC_MSGSEND = YES;
				GCC_C_LANGUAGE_STANDARD = gnu11;
				GCC_NO_COMMON_BLOCKS = YES;
				GCC_WARN_64_TO_32_BIT_CONVERSION = YES;
				GCC_WARN_ABOUT_RETURN_TYPE = YES_ERROR;
				GCC_WARN_UNDECLARED_SELECTOR = YES;
				GCC_WARN_UNINITIALIZED_AUTOS = YES_AGGRESSIVE;
				GCC_WARN_UNUSED_FUNCTION = YES;
				GCC_WARN_UNUSED_VARIABLE = YES;
				IPHONEOS_DEPLOYMENT_TARGET = 15.4;
				MTL_ENABLE_DEBUG_INFO = NO;
				MTL_FAST_MATH = YES;
				SDKROOT = iphoneos;
				SWIFT_COMPILATION_MODE = wholemodule;
				SWIFT_OPTIMIZATION_LEVEL = "-O";
				VALIDATE_PRODUCT = YES;
			};
			name = Release;
		};
		0B96A55B27E42282004BBB46 /* Debug */ = {
			isa = XCBuildConfiguration;
			buildSettings = {
				ASSETCATALOG_COMPILER_APPICON_NAME = AppIcon;
				ASSETCATALOG_COMPILER_GLOBAL_ACCENT_COLOR_NAME = AccentColor;
				CODE_SIGN_STYLE = Automatic;
				CURRENT_PROJECT_VERSION = 1;
				DEVELOPMENT_ASSET_PATHS = "\"Quotes/Preview Content\"";
				DEVELOPMENT_TEAM = 6D67QSRGWX;
				ENABLE_PREVIEWS = YES;
				GENERATE_INFOPLIST_FILE = YES;
				INFOPLIST_KEY_UIApplicationSceneManifest_Generation = YES;
				INFOPLIST_KEY_UIApplicationSupportsIndirectInputEvents = YES;
				INFOPLIST_KEY_UILaunchScreen_Generation = YES;
				INFOPLIST_KEY_UISupportedInterfaceOrientations_iPad = "UIInterfaceOrientationPortrait UIInterfaceOrientationPortraitUpsideDown UIInterfaceOrientationLandscapeLeft UIInterfaceOrientationLandscapeRight";
				INFOPLIST_KEY_UISupportedInterfaceOrientations_iPhone = "UIInterfaceOrientationPortrait UIInterfaceOrientationLandscapeLeft UIInterfaceOrientationLandscapeRight";
				LD_RUNPATH_SEARCH_PATHS = (
					"$(inherited)",
					"@executable_path/Frameworks",
				);
				MARKETING_VERSION = 1.0;
				PRODUCT_BUNDLE_IDENTIFIER = com.albertojuarbe.Quotes;
				PRODUCT_NAME = "$(TARGET_NAME)";
				SWIFT_EMIT_LOC_STRINGS = YES;
				SWIFT_VERSION = 5.0;
				TARGETED_DEVICE_FAMILY = "1,2";
			};
			name = Debug;
		};
		0B96A55C27E42282004BBB46 /* Release */ = {
			isa = XCBuildConfiguration;
			buildSettings = {
				ASSETCATALOG_COMPILER_APPICON_NAME = AppIcon;
				ASSETCATALOG_COMPILER_GLOBAL_ACCENT_COLOR_NAME = AccentColor;
				CODE_SIGN_STYLE = Automatic;
				CURRENT_PROJECT_VERSION = 1;
				DEVELOPMENT_ASSET_PATHS = "\"Quotes/Preview Content\"";
				DEVELOPMENT_TEAM = 6D67QSRGWX;
				ENABLE_PREVIEWS = YES;
				GENERATE_INFOPLIST_FILE = YES;
				INFOPLIST_KEY_UIApplicationSceneManifest_Generation = YES;
				INFOPLIST_KEY_UIApplicationSupportsIndirectInputEvents = YES;
				INFOPLIST_KEY_UILaunchScreen_Generation = YES;
				INFOPLIST_KEY_UISupportedInterfaceOrientations_iPad = "UIInterfaceOrientationPortrait UIInterfaceOrientationPortraitUpsideDown UIInterfaceOrientationLandscapeLeft UIInterfaceOrientationLandscapeRight";
				INFOPLIST_KEY_UISupportedInterfaceOrientations_iPhone = "UIInterfaceOrientationPortrait UIInterfaceOrientationLandscapeLeft UIInterfaceOrientationLandscapeRight";
				LD_RUNPATH_SEARCH_PATHS = (
					"$(inherited)",
					"@executable_path/Frameworks",
				);
				MARKETING_VERSION = 1.0;
				PRODUCT_BUNDLE_IDENTIFIER = com.albertojuarbe.Quotes;
				PRODUCT_NAME = "$(TARGET_NAME)";
				SWIFT_EMIT_LOC_STRINGS = YES;
				SWIFT_VERSION = 5.0;
				TARGETED_DEVICE_FAMILY = "1,2";
			};
			name = Release;
		};
/* End XCBuildConfiguration section */

/* Begin XCConfigurationList section */
		0B96A54727E42281004BBB46 /* Build configuration list for PBXProject "Quotes" */ = {
			isa = XCConfigurationList;
			buildConfigurations = (
				0B96A55827E42282004BBB46 /* Debug */,
				0B96A55927E42282004BBB46 /* Release */,
			);
			defaultConfigurationIsVisible = 0;
			defaultConfigurationName = Release;
		};
		0B96A55A27E42282004BBB46 /* Build configuration list for PBXNativeTarget "Quotes" */ = {
			isa = XCConfigurationList;
			buildConfigurations = (
				0B96A55B27E42282004BBB46 /* Debug */,
				0B96A55C27E42282004BBB46 /* Release */,
			);
			defaultConfigurationIsVisible = 0;
			defaultConfigurationName = Release;
		};
/* End XCConfigurationList section */
	};
	rootObject = 0B96A54427E42281004BBB46 /* Project object */;
}
